
Microsoft Visual Studio Solution File, Format Version 12.00
# Visual Studio 15
VisualStudioVersion = 15.0.28307.106
MinimumVisualStudioVersion = 10.0.40219.1
Project("{FAE04EC0-301F-11D3-BF4B-00C04F79EFBC}") = "aad-dotnet-multiple-apis", "aad-dotnet-multiple-apis\aad-dotnet-multiple-apis.csproj", "{EC9DD52D-9201-4E92-B6B3-12D313E5C02F}"
EndProject
Project("{151D2E53-A2C4-4D7D-83FE-D05416EBD58E}") = "paas-deploy", "paas-deploy\paas-deploy.deployproj", "{ABFAFC6B-839C-40A2-A143-CF4BF82AB0FE}"
EndProject
Project("{FAE04EC0-301F-11D3-BF4B-00C04F79EFBC}") = "aad-dotnet-webapi-onbehalfof", "aad-dotnet-webapi-onbehalfof\aad-dotnet-webapi-onbehalfof.csproj", "{C83BCCD8-2700-4721-8A45-14BB6383CB7F}"
EndProject
Global
	GlobalSection(SolutionConfigurationPlatforms) = preSolution
		Debug|Any CPU = Debug|Any CPU
		Release|Any CPU = Release|Any CPU
	EndGlobalSection
	GlobalSection(ProjectConfigurationPlatforms) = postSolution
		{EC9DD52D-9201-4E92-B6B3-12D313E5C02F}.Debug|Any CPU.ActiveCfg = Debug|Any CPU
		{EC9DD52D-9201-4E92-B6B3-12D313E5C02F}.Debug|Any CPU.Build.0 = Debug|Any CPU
		{EC9DD52D-9201-4E92-B6B3-12D313E5C02F}.Release|Any CPU.ActiveCfg = Release|Any CPU
		{EC9DD52D-9201-4E92-B6B3-12D313E5C02F}.Release|Any CPU.Build.0 = Release|Any CPU
		{ABFAFC6B-839C-40A2-A143-CF4BF82AB0FE}.Debug|Any CPU.ActiveCfg = Debug|Any CPU
		{ABFAFC6B-839C-40A2-A143-CF4BF82AB0FE}.Debug|Any CPU.Build.0 = Debug|Any CPU
		{ABFAFC6B-839C-40A2-A143-CF4BF82AB0FE}.Release|Any CPU.ActiveCfg = Release|Any CPU
		{ABFAFC6B-839C-40A2-A143-CF4BF82AB0FE}.Release|Any CPU.Build.0 = Release|Any CPU
		{C83BCCD8-2700-4721-8A45-14BB6383CB7F}.Debug|Any CPU.ActiveCfg = Debug|Any CPU
		{C83BCCD8-2700-4721-8A45-14BB6383CB7F}.Debug|Any CPU.Build.0 = Debug|Any CPU
		{C83BCCD8-2700-4721-8A45-14BB6383CB7F}.Release|Any CPU.ActiveCfg = Release|Any CPU
		{C83BCCD8-2700-4721-8A45-14BB6383CB7F}.Release|Any CPU.Build.0 = Release|Any CPU
	EndGlobalSection
	GlobalSection(SolutionProperties) = preSolution
		HideSolutionNode = FALSE
	EndGlobalSection
	GlobalSection(ExtensibilityGlobals) = postSolution
		SolutionGuid = {A8CCF0CA-BC6B-4C06-A2A2-DAD93E718527}
	EndGlobalSection
EndGlobal
